
Microsoft Visual Studio Solution File, Format Version 12.00
# Visual Studio Version 16
VisualStudioVersion = 16.0.28803.156
MinimumVisualStudioVersion = 10.0.40219.1
Project("{FAE04EC0-301F-11D3-BF4B-00C04F79EFBC}") = "Prog", "Prog\Prog.csproj", "{4D64FCC0-6D03-496D-B078-4255CF4985E2}"
EndProject
Global
	GlobalSection(SolutionConfigurationPlatforms) = preSolution
		Debug|Any CPU = Debug|Any CPU
		Release|Any CPU = Release|Any CPU
	EndGlobalSection
	GlobalSection(ProjectConfigurationPlatforms) = postSolution
		{4D64FCC0-6D03-496D-B078-4255CF4985E2}.Debug|Any CPU.ActiveCfg = Debug|Any CPU
		{4D64FCC0-6D03-496D-B078-4255CF4985E2}.Debug|Any CPU.Build.0 = Debug|Any CPU
		{4D64FCC0-6D03-496D-B078-4255CF4985E2}.Release|Any CPU.ActiveCfg = Release|Any CPU
		{4D64FCC0-6D03-496D-B078-4255CF4985E2}.Release|Any CPU.Build.0 = Release|Any CPU
	EndGlobalSection
	GlobalSection(SolutionProperties) = preSolution
		HideSolutionNode = FALSE
	EndGlobalSection
	GlobalSection(ExtensibilityGlobals) = postSolution
		SolutionGuid = {F199090F-9C49-432F-84FD-5628A7151A3E}
	EndGlobalSection
EndGlobal
